
Microsoft Visual Studio Solution File, Format Version 12.00
# Visual Studio Version 17
VisualStudioVersion = 17.7.34221.43
MinimumVisualStudioVersion = 10.0.40219.1
Project("{FAE04EC0-301F-11D3-BF4B-00C04F79EFBC}") = "Projet_Pharmacie", "Projet_Pharmacie\Projet_Pharmacie.csproj", "{A9C0D32C-48D4-4E69-A7FA-AED6BA8C6EAE}"
EndProject
Global
	GlobalSection(SolutionConfigurationPlatforms) = preSolution
		Debug|Any CPU = Debug|Any CPU
		Release|Any CPU = Release|Any CPU
	EndGlobalSection
	GlobalSection(ProjectConfigurationPlatforms) = postSolution
		{A9C0D32C-48D4-4E69-A7FA-AED6BA8C6EAE}.Debug|Any CPU.ActiveCfg = Debug|Any CPU
		{A9C0D32C-48D4-4E69-A7FA-AED6BA8C6EAE}.Debug|Any CPU.Build.0 = Debug|Any CPU
		{A9C0D32C-48D4-4E69-A7FA-AED6BA8C6EAE}.Release|Any CPU.ActiveCfg = Release|Any CPU
		{A9C0D32C-48D4-4E69-A7FA-AED6BA8C6EAE}.Release|Any CPU.Build.0 = Release|Any CPU
	EndGlobalSection
	GlobalSection(SolutionProperties) = preSolution
		HideSolutionNode = FALSE
	EndGlobalSection
	GlobalSection(ExtensibilityGlobals) = postSolution
		SolutionGuid = {11DA59B4-9951-461D-AC78-F76F403B73CA}
	EndGlobalSection
EndGlobal
